
Microsoft Visual Studio Solution File, Format Version 12.00
# Visual Studio Version 16
VisualStudioVersion = 16.0.30225.117
MinimumVisualStudioVersion = 10.0.40219.1
Project("{9A19103F-16F7-4668-BE54-9A1E7A4F7556}") = "Strategy", "Strategy\Strategy.csproj", "{25C7D73B-428D-4C9A-AAA0-48410CAF938A}"
EndProject
Project("{9A19103F-16F7-4668-BE54-9A1E7A4F7556}") = "Decorator", "Decorator\Decorator.csproj", "{8491019A-C256-408D-83BA-FE6D33F653A0}"
EndProject
Project("{9A19103F-16F7-4668-BE54-9A1E7A4F7556}") = "Proxy", "Proxy\Proxy.csproj", "{67014D4A-1B19-4420-B18A-4245CEFA2053}"
EndProject
Project("{9A19103F-16F7-4668-BE54-9A1E7A4F7556}") = "Bridge", "Bridge\Bridge.csproj", "{E3529272-D8AB-44AE-9BF1-7DB0C3D254E3}"
EndProject
Project("{9A19103F-16F7-4668-BE54-9A1E7A4F7556}") = "Composite", "Composite\Composite.csproj", "{6A2C231C-F040-4D38-86B9-0DCE055668D5}"
EndProject
Project("{9A19103F-16F7-4668-BE54-9A1E7A4F7556}") = "Flyweight", "Flyweight\Flyweight.csproj", "{E5C60547-1542-4083-AB9F-6D0338F6C5EE}"
EndProject
Project("{FAE04EC0-301F-11D3-BF4B-00C04F79EFBC}") = "Facade", "Facade\Facade.csproj", "{FCDE7B10-1E10-45A7-9E56-A7EB3C7BB4D0}"
EndProject
Project("{FAE04EC0-301F-11D3-BF4B-00C04F79EFBC}") = "FacadeSubsistemas", "FacadeSubsistemas\FacadeSubsistemas.csproj", "{07069746-866F-438D-9348-8F75ADA61937}"
EndProject
Global
	GlobalSection(SolutionConfigurationPlatforms) = preSolution
		Debug|Any CPU = Debug|Any CPU
		Release|Any CPU = Release|Any CPU
	EndGlobalSection
	GlobalSection(ProjectConfigurationPlatforms) = postSolution
		{25C7D73B-428D-4C9A-AAA0-48410CAF938A}.Debug|Any CPU.ActiveCfg = Debug|Any CPU
		{25C7D73B-428D-4C9A-AAA0-48410CAF938A}.Debug|Any CPU.Build.0 = Debug|Any CPU
		{25C7D73B-428D-4C9A-AAA0-48410CAF938A}.Release|Any CPU.ActiveCfg = Release|Any CPU
		{25C7D73B-428D-4C9A-AAA0-48410CAF938A}.Release|Any CPU.Build.0 = Release|Any CPU
		{8491019A-C256-408D-83BA-FE6D33F653A0}.Debug|Any CPU.ActiveCfg = Debug|Any CPU
		{8491019A-C256-408D-83BA-FE6D33F653A0}.Debug|Any CPU.Build.0 = Debug|Any CPU
		{8491019A-C256-408D-83BA-FE6D33F653A0}.Release|Any CPU.ActiveCfg = Release|Any CPU
		{8491019A-C256-408D-83BA-FE6D33F653A0}.Release|Any CPU.Build.0 = Release|Any CPU
		{67014D4A-1B19-4420-B18A-4245CEFA2053}.Debug|Any CPU.ActiveCfg = Debug|Any CPU
		{67014D4A-1B19-4420-B18A-4245CEFA2053}.Debug|Any CPU.Build.0 = Debug|Any CPU
		{67014D4A-1B19-4420-B18A-4245CEFA2053}.Release|Any CPU.ActiveCfg = Release|Any CPU
		{67014D4A-1B19-4420-B18A-4245CEFA2053}.Release|Any CPU.Build.0 = Release|Any CPU
		{E3529272-D8AB-44AE-9BF1-7DB0C3D254E3}.Debug|Any CPU.ActiveCfg = Debug|Any CPU
		{E3529272-D8AB-44AE-9BF1-7DB0C3D254E3}.Debug|Any CPU.Build.0 = Debug|Any CPU
		{E3529272-D8AB-44AE-9BF1-7DB0C3D254E3}.Release|Any CPU.ActiveCfg = Release|Any CPU
		{E3529272-D8AB-44AE-9BF1-7DB0C3D254E3}.Release|Any CPU.Build.0 = Release|Any CPU
		{6A2C231C-F040-4D38-86B9-0DCE055668D5}.Debug|Any CPU.ActiveCfg = Debug|Any CPU
		{6A2C231C-F040-4D38-86B9-0DCE055668D5}.Debug|Any CPU.Build.0 = Debug|Any CPU
		{6A2C231C-F040-4D38-86B9-0DCE055668D5}.Release|Any CPU.ActiveCfg = Release|Any CPU
		{6A2C231C-F040-4D38-86B9-0DCE055668D5}.Release|Any CPU.Build.0 = Release|Any CPU
		{E5C60547-1542-4083-AB9F-6D0338F6C5EE}.Debug|Any CPU.ActiveCfg = Debug|Any CPU
		{E5C60547-1542-4083-AB9F-6D0338F6C5EE}.Debug|Any CPU.Build.0 = Debug|Any CPU
		{E5C60547-1542-4083-AB9F-6D0338F6C5EE}.Release|Any CPU.ActiveCfg = Release|Any CPU
		{E5C60547-1542-4083-AB9F-6D0338F6C5EE}.Release|Any CPU.Build.0 = Release|Any CPU
		{FCDE7B10-1E10-45A7-9E56-A7EB3C7BB4D0}.Debug|Any CPU.ActiveCfg = Debug|Any CPU
		{FCDE7B10-1E10-45A7-9E56-A7EB3C7BB4D0}.Debug|Any CPU.Build.0 = Debug|Any CPU
		{FCDE7B10-1E10-45A7-9E56-A7EB3C7BB4D0}.Release|Any CPU.ActiveCfg = Release|Any CPU
		{FCDE7B10-1E10-45A7-9E56-A7EB3C7BB4D0}.Release|Any CPU.Build.0 = Release|Any CPU
		{07069746-866F-438D-9348-8F75ADA61937}.Debug|Any CPU.ActiveCfg = Debug|Any CPU
		{07069746-866F-438D-9348-8F75ADA61937}.Debug|Any CPU.Build.0 = Debug|Any CPU
		{07069746-866F-438D-9348-8F75ADA61937}.Release|Any CPU.ActiveCfg = Release|Any CPU
		{07069746-866F-438D-9348-8F75ADA61937}.Release|Any CPU.Build.0 = Release|Any CPU
	EndGlobalSection
	GlobalSection(SolutionProperties) = preSolution
		HideSolutionNode = FALSE
	EndGlobalSection
	GlobalSection(ExtensibilityGlobals) = postSolution
		SolutionGuid = {B046A674-EDD5-48AE-B22A-87C5CDAF6034}
	EndGlobalSection
EndGlobal
