
Microsoft Visual Studio Solution File, Format Version 12.00
# Visual Studio Version 16
VisualStudioVersion = 16.0.30225.117
MinimumVisualStudioVersion = 10.0.40219.1
Project("{9A19103F-16F7-4668-BE54-9A1E7A4F7556}") = "Strategy", "Strategy\Strategy.csproj", "{25C7D73B-428D-4C9A-AAA0-48410CAF938A}"
EndProject
Project("{9A19103F-16F7-4668-BE54-9A1E7A4F7556}") = "Decorator", "Decorator\Decorator.csproj", "{8491019A-C256-408D-83BA-FE6D33F653A0}"
EndProject
Project("{9A19103F-16F7-4668-BE54-9A1E7A4F7556}") = "Proxy", "Proxy\Proxy.csproj", "{67014D4A-1B19-4420-B18A-4245CEFA2053}"
EndProject
Project("{FAE04EC0-301F-11D3-BF4B-00C04F79EFBC}") = "Bridge", "Bridge\Bridge.csproj", "{E3529272-D8AB-44AE-9BF1-7DB0C3D254E3}"
EndProject
Global
	GlobalSection(SolutionConfigurationPlatforms) = preSolution
		Debug|Any CPU = Debug|Any CPU
		Release|Any CPU = Release|Any CPU
	EndGlobalSection
	GlobalSection(ProjectConfigurationPlatforms) = postSolution
		{25C7D73B-428D-4C9A-AAA0-48410CAF938A}.Debug|Any CPU.ActiveCfg = Debug|Any CPU
		{25C7D73B-428D-4C9A-AAA0-48410CAF938A}.Debug|Any CPU.Build.0 = Debug|Any CPU
		{25C7D73B-428D-4C9A-AAA0-48410CAF938A}.Release|Any CPU.ActiveCfg = Release|Any CPU
		{25C7D73B-428D-4C9A-AAA0-48410CAF938A}.Release|Any CPU.Build.0 = Release|Any CPU
		{8491019A-C256-408D-83BA-FE6D33F653A0}.Debug|Any CPU.ActiveCfg = Debug|Any CPU
		{8491019A-C256-408D-83BA-FE6D33F653A0}.Debug|Any CPU.Build.0 = Debug|Any CPU
		{8491019A-C256-408D-83BA-FE6D33F653A0}.Release|Any CPU.ActiveCfg = Release|Any CPU
		{8491019A-C256-408D-83BA-FE6D33F653A0}.Release|Any CPU.Build.0 = Release|Any CPU
		{67014D4A-1B19-4420-B18A-4245CEFA2053}.Debug|Any CPU.ActiveCfg = Debug|Any CPU
		{67014D4A-1B19-4420-B18A-4245CEFA2053}.Debug|Any CPU.Build.0 = Debug|Any CPU
		{67014D4A-1B19-4420-B18A-4245CEFA2053}.Release|Any CPU.ActiveCfg = Release|Any CPU
		{67014D4A-1B19-4420-B18A-4245CEFA2053}.Release|Any CPU.Build.0 = Release|Any CPU
		{E3529272-D8AB-44AE-9BF1-7DB0C3D254E3}.Debug|Any CPU.ActiveCfg = Debug|Any CPU
		{E3529272-D8AB-44AE-9BF1-7DB0C3D254E3}.Debug|Any CPU.Build.0 = Debug|Any CPU
		{E3529272-D8AB-44AE-9BF1-7DB0C3D254E3}.Release|Any CPU.ActiveCfg = Release|Any CPU
		{E3529272-D8AB-44AE-9BF1-7DB0C3D254E3}.Release|Any CPU.Build.0 = Release|Any CPU
	EndGlobalSection
	GlobalSection(SolutionProperties) = preSolution
		HideSolutionNode = FALSE
	EndGlobalSection
	GlobalSection(ExtensibilityGlobals) = postSolution
		SolutionGuid = {B046A674-EDD5-48AE-B22A-87C5CDAF6034}
	EndGlobalSection
EndGlobal
